
Microsoft Visual Studio Solution File, Format Version 12.00
# Visual Studio Version 17
VisualStudioVersion = 17.4.33213.308
MinimumVisualStudioVersion = 10.0.40219.1
Project("{FAE04EC0-301F-11D3-BF4B-00C04F79EFBC}") = "Nested Loop Example", "Nested Loop Example\Nested Loop Example.csproj", "{2ACECB4B-8EB9-4C21-9597-A52DC340B9B9}"
EndProject
Global
	GlobalSection(SolutionConfigurationPlatforms) = preSolution
		Debug|Any CPU = Debug|Any CPU
		Release|Any CPU = Release|Any CPU
	EndGlobalSection
	GlobalSection(ProjectConfigurationPlatforms) = postSolution
		{2ACECB4B-8EB9-4C21-9597-A52DC340B9B9}.Debug|Any CPU.ActiveCfg = Debug|Any CPU
		{2ACECB4B-8EB9-4C21-9597-A52DC340B9B9}.Debug|Any CPU.Build.0 = Debug|Any CPU
		{2ACECB4B-8EB9-4C21-9597-A52DC340B9B9}.Release|Any CPU.ActiveCfg = Release|Any CPU
		{2ACECB4B-8EB9-4C21-9597-A52DC340B9B9}.Release|Any CPU.Build.0 = Release|Any CPU
	EndGlobalSection
	GlobalSection(SolutionProperties) = preSolution
		HideSolutionNode = FALSE
	EndGlobalSection
	GlobalSection(ExtensibilityGlobals) = postSolution
		SolutionGuid = {0D90B53A-32F6-4219-90E2-9B47331F876D}
	EndGlobalSection
EndGlobal
